
Microsoft Visual Studio Solution File, Format Version 12.00
# Visual Studio 15
VisualStudioVersion = 15.0.28307.757
MinimumVisualStudioVersion = 10.0.40219.1
Project("{9A19103F-16F7-4668-BE54-9A1E7A4F7556}") = "Backblaze.Agent", "src\Agent\Backblaze.Agent.csproj", "{16C706DB-F611-4231-B061-F4B08DC8AAC1}"
EndProject
Project("{9A19103F-16F7-4668-BE54-9A1E7A4F7556}") = "Backblaze.Test", "src\Test\Backblaze.Test.csproj", "{EE530655-EB6D-444E-BF33-52F94A2E8810}"
EndProject
Project("{2150E333-8FDC-42A3-9474-1A3956D46DE8}") = "Solution Items", "Solution Items", "{B89C1FC0-7893-4D07-8D41-9E22A8D51D48}"
	ProjectSection(SolutionItems) = preProject
		.gitignore = .gitignore
		change-log.txt = change-log.txt
		nuget-key.txt = nuget-key.txt
		README.md = README.md
	EndProjectSection
EndProject
Global
	GlobalSection(SolutionConfigurationPlatforms) = preSolution
		Debug|Any CPU = Debug|Any CPU
		Release|Any CPU = Release|Any CPU
	EndGlobalSection
	GlobalSection(ProjectConfigurationPlatforms) = postSolution
		{16C706DB-F611-4231-B061-F4B08DC8AAC1}.Debug|Any CPU.ActiveCfg = Debug|Any CPU
		{16C706DB-F611-4231-B061-F4B08DC8AAC1}.Debug|Any CPU.Build.0 = Debug|Any CPU
		{16C706DB-F611-4231-B061-F4B08DC8AAC1}.Release|Any CPU.ActiveCfg = Release|Any CPU
		{16C706DB-F611-4231-B061-F4B08DC8AAC1}.Release|Any CPU.Build.0 = Release|Any CPU
		{EE530655-EB6D-444E-BF33-52F94A2E8810}.Debug|Any CPU.ActiveCfg = Debug|Any CPU
		{EE530655-EB6D-444E-BF33-52F94A2E8810}.Debug|Any CPU.Build.0 = Debug|Any CPU
		{EE530655-EB6D-444E-BF33-52F94A2E8810}.Release|Any CPU.ActiveCfg = Release|Any CPU
		{EE530655-EB6D-444E-BF33-52F94A2E8810}.Release|Any CPU.Build.0 = Release|Any CPU
	EndGlobalSection
	GlobalSection(SolutionProperties) = preSolution
		HideSolutionNode = FALSE
	EndGlobalSection
	GlobalSection(ExtensibilityGlobals) = postSolution
		SolutionGuid = {DAA59421-E9E6-427B-942E-F64F5F490239}
	EndGlobalSection
EndGlobal
