
Microsoft Visual Studio Solution File, Format Version 12.00
# Visual Studio Version 16
VisualStudioVersion = 16.0.29418.71
MinimumVisualStudioVersion = 10.0.40219.1
Project("{9A19103F-16F7-4668-BE54-9A1E7A4F7556}") = "Backblaze.Cmdlet", "src\Cmdlet\Backblaze.Cmdlet.csproj", "{FEF34285-8068-4898-92C9-8CAE0F6F125D}"
EndProject
Project("{2150E333-8FDC-42A3-9474-1A3956D46DE8}") = "Solution Items", "Solution Items", "{DA31B707-A484-4D65-9B61-61832A73C21E}"
	ProjectSection(SolutionItems) = preProject
		README.md = README.md
	EndProjectSection
EndProject
Project("{9A19103F-16F7-4668-BE54-9A1E7A4F7556}") = "Backblaze.Agent", "..\src\Agent\Backblaze.Agent.csproj", "{D547ADBA-E423-4C66-B1FE-CF942A94A982}"
EndProject
Project("{9A19103F-16F7-4668-BE54-9A1E7A4F7556}") = "Backblaze.Client", "..\src\Client\Backblaze.Client.csproj", "{F87275A9-9007-44AD-83ED-4E8AD30859CA}"
EndProject
Global
	GlobalSection(SolutionConfigurationPlatforms) = preSolution
		Debug|Any CPU = Debug|Any CPU
		Release|Any CPU = Release|Any CPU
	EndGlobalSection
	GlobalSection(ProjectConfigurationPlatforms) = postSolution
		{FEF34285-8068-4898-92C9-8CAE0F6F125D}.Debug|Any CPU.ActiveCfg = Debug|Any CPU
		{FEF34285-8068-4898-92C9-8CAE0F6F125D}.Debug|Any CPU.Build.0 = Debug|Any CPU
		{FEF34285-8068-4898-92C9-8CAE0F6F125D}.Release|Any CPU.ActiveCfg = Release|Any CPU
		{FEF34285-8068-4898-92C9-8CAE0F6F125D}.Release|Any CPU.Build.0 = Release|Any CPU
		{D547ADBA-E423-4C66-B1FE-CF942A94A982}.Debug|Any CPU.ActiveCfg = Debug|Any CPU
		{D547ADBA-E423-4C66-B1FE-CF942A94A982}.Debug|Any CPU.Build.0 = Debug|Any CPU
		{D547ADBA-E423-4C66-B1FE-CF942A94A982}.Release|Any CPU.ActiveCfg = Release|Any CPU
		{D547ADBA-E423-4C66-B1FE-CF942A94A982}.Release|Any CPU.Build.0 = Release|Any CPU
		{F87275A9-9007-44AD-83ED-4E8AD30859CA}.Debug|Any CPU.ActiveCfg = Debug|Any CPU
		{F87275A9-9007-44AD-83ED-4E8AD30859CA}.Debug|Any CPU.Build.0 = Debug|Any CPU
		{F87275A9-9007-44AD-83ED-4E8AD30859CA}.Release|Any CPU.ActiveCfg = Release|Any CPU
		{F87275A9-9007-44AD-83ED-4E8AD30859CA}.Release|Any CPU.Build.0 = Release|Any CPU
	EndGlobalSection
	GlobalSection(SolutionProperties) = preSolution
		HideSolutionNode = FALSE
	EndGlobalSection
	GlobalSection(ExtensibilityGlobals) = postSolution
		SolutionGuid = {D5F4BAD3-CE90-43D0-88B0-E8C179B4E115}
	EndGlobalSection
EndGlobal
