
Microsoft Visual Studio Solution File, Format Version 12.00
# Visual Studio Version 16
VisualStudioVersion = 16.0.29123.88
MinimumVisualStudioVersion = 10.0.40219.1
Project("{9A19103F-16F7-4668-BE54-9A1E7A4F7556}") = "Backblaze.Sample", "Sample\Backblaze.Sample.csproj", "{A970AA9A-E135-4D49-B95A-445F9A5F67BF}"
EndProject
Project("{9A19103F-16F7-4668-BE54-9A1E7A4F7556}") = "HttpClient.Sample", "HttpClient\HttpClient.Sample.csproj", "{D88FA66B-B274-40DF-AD5B-F6143E6B7D6B}"
EndProject
Project("{9A19103F-16F7-4668-BE54-9A1E7A4F7556}") = "HttpClient.Minimum", "HttpClient Minimum\HttpClient.Minimum.csproj", "{8BC73B0B-39E2-493F-B915-5C500ABA2C3D}"
EndProject
Global
	GlobalSection(SolutionConfigurationPlatforms) = preSolution
		Debug|Any CPU = Debug|Any CPU
		Release|Any CPU = Release|Any CPU
	EndGlobalSection
	GlobalSection(ProjectConfigurationPlatforms) = postSolution
		{A970AA9A-E135-4D49-B95A-445F9A5F67BF}.Debug|Any CPU.ActiveCfg = Debug|Any CPU
		{A970AA9A-E135-4D49-B95A-445F9A5F67BF}.Debug|Any CPU.Build.0 = Debug|Any CPU
		{A970AA9A-E135-4D49-B95A-445F9A5F67BF}.Release|Any CPU.ActiveCfg = Release|Any CPU
		{A970AA9A-E135-4D49-B95A-445F9A5F67BF}.Release|Any CPU.Build.0 = Release|Any CPU
		{D88FA66B-B274-40DF-AD5B-F6143E6B7D6B}.Debug|Any CPU.ActiveCfg = Debug|Any CPU
		{D88FA66B-B274-40DF-AD5B-F6143E6B7D6B}.Debug|Any CPU.Build.0 = Debug|Any CPU
		{D88FA66B-B274-40DF-AD5B-F6143E6B7D6B}.Release|Any CPU.ActiveCfg = Release|Any CPU
		{D88FA66B-B274-40DF-AD5B-F6143E6B7D6B}.Release|Any CPU.Build.0 = Release|Any CPU
		{8BC73B0B-39E2-493F-B915-5C500ABA2C3D}.Debug|Any CPU.ActiveCfg = Debug|Any CPU
		{8BC73B0B-39E2-493F-B915-5C500ABA2C3D}.Debug|Any CPU.Build.0 = Debug|Any CPU
		{8BC73B0B-39E2-493F-B915-5C500ABA2C3D}.Release|Any CPU.ActiveCfg = Release|Any CPU
		{8BC73B0B-39E2-493F-B915-5C500ABA2C3D}.Release|Any CPU.Build.0 = Release|Any CPU
	EndGlobalSection
	GlobalSection(SolutionProperties) = preSolution
		HideSolutionNode = FALSE
	EndGlobalSection
	GlobalSection(ExtensibilityGlobals) = postSolution
		SolutionGuid = {D8A61686-6074-4727-B4FE-B95DCC1FC1F5}
	EndGlobalSection
EndGlobal
