
Microsoft Visual Studio Solution File, Format Version 12.00
# Visual Studio Version 16
VisualStudioVersion = 16.0.29123.88
MinimumVisualStudioVersion = 10.0.40219.1
Project("{9A19103F-16F7-4668-BE54-9A1E7A4F7556}") = "Backblaze.Sample", "Backblaze.Sample.csproj", "{A7BC2B67-28B2-4A4E-B33B-13543D0E1679}"
EndProject
Project("{9A19103F-16F7-4668-BE54-9A1E7A4F7556}") = "Backblaze.Agent.Console", "..\src\Agent.Console\Backblaze.Agent.Console.csproj", "{CF090269-8429-4BD0-9CE3-DD66F5C9C23F}"
EndProject
Project("{9A19103F-16F7-4668-BE54-9A1E7A4F7556}") = "Extensions.Console", "..\..\console-app\src\Extensions.Console.csproj", "{CE830DCC-6694-4313-8148-FE76C60CFA9D}"
EndProject
Global
	GlobalSection(SolutionConfigurationPlatforms) = preSolution
		Debug|Any CPU = Debug|Any CPU
		Release|Any CPU = Release|Any CPU
	EndGlobalSection
	GlobalSection(ProjectConfigurationPlatforms) = postSolution
		{A7BC2B67-28B2-4A4E-B33B-13543D0E1679}.Debug|Any CPU.ActiveCfg = Debug|Any CPU
		{A7BC2B67-28B2-4A4E-B33B-13543D0E1679}.Debug|Any CPU.Build.0 = Debug|Any CPU
		{A7BC2B67-28B2-4A4E-B33B-13543D0E1679}.Release|Any CPU.ActiveCfg = Release|Any CPU
		{A7BC2B67-28B2-4A4E-B33B-13543D0E1679}.Release|Any CPU.Build.0 = Release|Any CPU
		{CF090269-8429-4BD0-9CE3-DD66F5C9C23F}.Debug|Any CPU.ActiveCfg = Debug|Any CPU
		{CF090269-8429-4BD0-9CE3-DD66F5C9C23F}.Debug|Any CPU.Build.0 = Debug|Any CPU
		{CF090269-8429-4BD0-9CE3-DD66F5C9C23F}.Release|Any CPU.ActiveCfg = Release|Any CPU
		{CF090269-8429-4BD0-9CE3-DD66F5C9C23F}.Release|Any CPU.Build.0 = Release|Any CPU
		{CE830DCC-6694-4313-8148-FE76C60CFA9D}.Debug|Any CPU.ActiveCfg = Debug|Any CPU
		{CE830DCC-6694-4313-8148-FE76C60CFA9D}.Debug|Any CPU.Build.0 = Debug|Any CPU
		{CE830DCC-6694-4313-8148-FE76C60CFA9D}.Release|Any CPU.ActiveCfg = Release|Any CPU
		{CE830DCC-6694-4313-8148-FE76C60CFA9D}.Release|Any CPU.Build.0 = Release|Any CPU
	EndGlobalSection
	GlobalSection(SolutionProperties) = preSolution
		HideSolutionNode = FALSE
	EndGlobalSection
	GlobalSection(ExtensibilityGlobals) = postSolution
		SolutionGuid = {D8A61686-6074-4727-B4FE-B95DCC1FC1F5}
	EndGlobalSection
EndGlobal
